
Microsoft Visual Studio Solution File, Format Version 12.00
# Visual Studio 15
VisualStudioVersion = 15.0.28307.1259
MinimumVisualStudioVersion = 10.0.40219.1
Project("{FAE04EC0-301F-11D3-BF4B-00C04F79EFBC}") = "ClientReservasi-004", "ClientReservasi-004\ClientReservasi-004.csproj", "{91467070-0FF6-4828-B5EB-91D0ABCCAD10}"
EndProject
Global
	GlobalSection(SolutionConfigurationPlatforms) = preSolution
		Debug|Any CPU = Debug|Any CPU
		Release|Any CPU = Release|Any CPU
	EndGlobalSection
	GlobalSection(ProjectConfigurationPlatforms) = postSolution
		{91467070-0FF6-4828-B5EB-91D0ABCCAD10}.Debug|Any CPU.ActiveCfg = Debug|Any CPU
		{91467070-0FF6-4828-B5EB-91D0ABCCAD10}.Debug|Any CPU.Build.0 = Debug|Any CPU
		{91467070-0FF6-4828-B5EB-91D0ABCCAD10}.Release|Any CPU.ActiveCfg = Release|Any CPU
		{91467070-0FF6-4828-B5EB-91D0ABCCAD10}.Release|Any CPU.Build.0 = Release|Any CPU
	EndGlobalSection
	GlobalSection(SolutionProperties) = preSolution
		HideSolutionNode = FALSE
	EndGlobalSection
	GlobalSection(ExtensibilityGlobals) = postSolution
		SolutionGuid = {3AE8B254-8C69-4AF9-84CE-25314DA83450}
	EndGlobalSection
EndGlobal
